{
    "_meta": {
        "hash": {
            "sha256": "b59842a2e4aca58430e4c67380e4d495bd0cb8b31d65c29e51235c48f9456e4b"
        },
        "pipfile-spec": 6,
        "requires": {
            "python_version": "3.8"
        },
        "sources": [
            {
                "name": "pypi",
                "url": "https://pypi.org/simple",
                "verify_ssl": true
            }
        ]
    },
    "default": {
        "numpy": {
            "hashes": [
                "sha256:082f8d4dd69b6b688f64f509b91d482362124986d98dc7dc5f5e9f9b9c3bb983",
                "sha256:1bc0145999e8cb8aed9d4e65dd8b139adf1919e521177f198529687dbf613065",
                "sha256:309cbcfaa103fc9a33ec16d2d62569d541b79f828c382556ff072442226d1968",
                "sha256:3673c8b2b29077f1b7b3a848794f8e11f401ba0b71c49fbd26fb40b71788b132",
                "sha256:480fdd4dbda4dd6b638d3863da3be82873bba6d32d1fc12ea1b8486ac7b8d129",
                "sha256:56ef7f56470c24bb67fb43dae442e946a6ce172f97c69f8d067ff8550cf782ff",
                "sha256:5a936fd51049541d86ccdeef2833cc89a18e4d3808fe58a8abeb802665c5af93",
                "sha256:5b6885c12784a27e957294b60f97e8b5b4174c7504665333c5e94fbf41ae5d6a",
                "sha256:667c07063940e934287993366ad5f56766bc009017b4a0fe91dbd07960d0aba7",
                "sha256:7ed448ff4eaffeb01094959b19cbaf998ecdee9ef9932381420d514e446601cd",
                "sha256:8343bf67c72e09cfabfab55ad4a43ce3f6bf6e6ced7acf70f45ded9ebb425055",
                "sha256:92feb989b47f83ebef246adabc7ff3b9a59ac30601c3f6819f8913458610bdcc",
                "sha256:935c27ae2760c21cd7354402546f6be21d3d0c806fffe967f745d5f2de5005a7",
                "sha256:aaf42a04b472d12515debc621c31cf16c215e332242e7a9f56403d814c744624",
                "sha256:b12e639378c741add21fbffd16ba5ad25c0a1a17cf2b6fe4288feeb65144f35b",
                "sha256:b1cca51512299841bf69add3b75361779962f9cee7d9ee3bb446d5982e925b69",
                "sha256:b8456987b637232602ceb4d663cb34106f7eb780e247d51a260b84760fd8f491",
                "sha256:b9792b0ac0130b277536ab8944e7b754c69560dac0415dd4b2dbd16b902c8954",
                "sha256:c9591886fc9cbe5532d5df85cb8e0cc3b44ba8ce4367bd4cf1b93dc19713da72",
                "sha256:cf1347450c0b7644ea142712619533553f02ef23f92f781312f6a3553d031fc7",
                "sha256:de8b4a9b56255797cbddb93281ed92acbc510fb7b15df3f01bd28f46ebc4edae",
                "sha256:e1b1dc0372f530f26a03578ac75d5e51b3868b9b76cd2facba4c9ee0eb252ab1",
                "sha256:e45f8e981a0ab47103181773cc0a54e650b2aef8c7b6cd07405d0fa8d869444a",
                "sha256:e4f6d3c53911a9d103d8ec9518190e52a8b945bab021745af4939cfc7c0d4a9e",
                "sha256:ed8a311493cf5480a2ebc597d1e177231984c818a86875126cfd004241a73c3e",
                "sha256:ef71a1d4fd4858596ae80ad1ec76404ad29701f8ca7cdcebc50300178db14dfc"
            ],
            "index": "pypi",
            "version": "==1.19.1"
        }
    },
    "develop": {}
}
