{
    "_meta": {
        "hash": {
            "sha256": "93683f9b43e1e564f71e63a7420c351c3a603bba290a527874d99427323afd2d"
        },
        "pipfile-spec": 6,
        "requires": {
            "python_version": "3.8"
        },
        "sources": [
            {
                "name": "pypi",
                "url": "https://pypi.org/simple",
                "verify_ssl": true
            }
        ]
    },
    "default": {
        "markdown": {
            "hashes": [
                "sha256:1fafe3f1ecabfb514a5285fca634a53c1b32a81cb0feb154264d55bf2ff22c17",
                "sha256:c467cd6233885534bf0fe96e62e3cf46cfc1605112356c4f9981512b8174de59"
            ],
            "index": "pypi",
            "version": "==3.2.2"
        }
    },
    "develop": {}
}
